
Microsoft Visual Studio Solution File, Format Version 12.00
# Visual Studio Version 16
VisualStudioVersion = 16.0.29411.108
MinimumVisualStudioVersion = 10.0.40219.1
Project("{FAE04EC0-301F-11D3-BF4B-00C04F79EFBC}") = "APIAttica", "APIAttica\APIAttica.csproj", "{C66E82B1-B5DD-4135-8E6C-871CBF082C09}"
EndProject
Global
	GlobalSection(SolutionConfigurationPlatforms) = preSolution
		Debug|Any CPU = Debug|Any CPU
		Release|Any CPU = Release|Any CPU
	EndGlobalSection
	GlobalSection(ProjectConfigurationPlatforms) = postSolution
		{C66E82B1-B5DD-4135-8E6C-871CBF082C09}.Debug|Any CPU.ActiveCfg = Debug|Any CPU
		{C66E82B1-B5DD-4135-8E6C-871CBF082C09}.Debug|Any CPU.Build.0 = Debug|Any CPU
		{C66E82B1-B5DD-4135-8E6C-871CBF082C09}.Release|Any CPU.ActiveCfg = Release|Any CPU
		{C66E82B1-B5DD-4135-8E6C-871CBF082C09}.Release|Any CPU.Build.0 = Release|Any CPU
	EndGlobalSection
	GlobalSection(SolutionProperties) = preSolution
		HideSolutionNode = FALSE
	EndGlobalSection
	GlobalSection(ExtensibilityGlobals) = postSolution
		SolutionGuid = {59EA59A8-175D-4138-9C72-F6F00AAC48E0}
	EndGlobalSection
EndGlobal
